# This file is automatically @generated by Cargo.
# It is not intended for manual editing.
version = 4

[[package]]
name = "trustnet-api"
version = "0.1.0"
dependencies = [
 "trustnet-core",
 "trustnet-prover",
]

[[package]]
name = "trustnet-cli"
version = "0.1.0"
dependencies = [
 "trustnet-core",
 "trustnet-prover",
 "trustnet-smm",
]

[[package]]
name = "trustnet-core"
version = "0.1.0"

[[package]]
name = "trustnet-indexer"
version = "0.1.0"
dependencies = [
 "trustnet-core",
]

[[package]]
name = "trustnet-prover"
version = "0.1.0"
dependencies = [
 "trustnet-core",
 "trustnet-smm",
]

[[package]]
name = "trustnet-sdk"
version = "0.1.0"
dependencies = [
 "trustnet-core",
 "trustnet-smm",
]

[[package]]
name = "trustnet-smm"
version = "0.1.0"
dependencies = [
 "trustnet-core",
]
